
Microsoft Visual Studio Solution File, Format Version 12.00
# Visual Studio Version 16
VisualStudioVersion = 16.0.31129.286
MinimumVisualStudioVersion = 10.0.40219.1
Project("{8BC9CEB8-8B4A-11D0-8D11-00A0C91BC942}") = "Inheritance", "Inheritance\Inheritance.vcxproj", "{BC8A9362-E2F3-41C8-8823-6ED1E3224613}"
EndProject
Project("{8BC9CEB8-8B4A-11D0-8D11-00A0C91BC942}") = "Academy", "Academy\Academy.vcxproj", "{A5F69B7F-1362-42B7-857B-A14776EA1EB9}"
EndProject
Global
	GlobalSection(SolutionConfigurationPlatforms) = preSolution
		Debug|x64 = Debug|x64
		Debug|x86 = Debug|x86
		Release|x64 = Release|x64
		Release|x86 = Release|x86
	EndGlobalSection
	GlobalSection(ProjectConfigurationPlatforms) = postSolution
		{BC8A9362-E2F3-41C8-8823-6ED1E3224613}.Debug|x64.ActiveCfg = Debug|x64
		{BC8A9362-E2F3-41C8-8823-6ED1E3224613}.Debug|x64.Build.0 = Debug|x64
		{BC8A9362-E2F3-41C8-8823-6ED1E3224613}.Debug|x86.ActiveCfg = Debug|Win32
		{BC8A9362-E2F3-41C8-8823-6ED1E3224613}.Debug|x86.Build.0 = Debug|Win32
		{BC8A9362-E2F3-41C8-8823-6ED1E3224613}.Release|x64.ActiveCfg = Release|x64
		{BC8A9362-E2F3-41C8-8823-6ED1E3224613}.Release|x64.Build.0 = Release|x64
		{BC8A9362-E2F3-41C8-8823-6ED1E3224613}.Release|x86.ActiveCfg = Release|Win32
		{BC8A9362-E2F3-41C8-8823-6ED1E3224613}.Release|x86.Build.0 = Release|Win32
		{A5F69B7F-1362-42B7-857B-A14776EA1EB9}.Debug|x64.ActiveCfg = Debug|x64
		{A5F69B7F-1362-42B7-857B-A14776EA1EB9}.Debug|x64.Build.0 = Debug|x64
		{A5F69B7F-1362-42B7-857B-A14776EA1EB9}.Debug|x86.ActiveCfg = Debug|Win32
		{A5F69B7F-1362-42B7-857B-A14776EA1EB9}.Debug|x86.Build.0 = Debug|Win32
		{A5F69B7F-1362-42B7-857B-A14776EA1EB9}.Release|x64.ActiveCfg = Release|x64
		{A5F69B7F-1362-42B7-857B-A14776EA1EB9}.Release|x64.Build.0 = Release|x64
		{A5F69B7F-1362-42B7-857B-A14776EA1EB9}.Release|x86.ActiveCfg = Release|Win32
		{A5F69B7F-1362-42B7-857B-A14776EA1EB9}.Release|x86.Build.0 = Release|Win32
	EndGlobalSection
	GlobalSection(SolutionProperties) = preSolution
		HideSolutionNode = FALSE
	EndGlobalSection
	GlobalSection(ExtensibilityGlobals) = postSolution
		SolutionGuid = {C9ECCCD2-D597-4BE1-A7F5-3D5D4661FEAB}
	EndGlobalSection
EndGlobal
